
Microsoft Visual Studio Solution File, Format Version 12.00
# Visual Studio Version 16
VisualStudioVersion = 16.0.31112.23
MinimumVisualStudioVersion = 10.0.40219.1
Project("{9A19103F-16F7-4668-BE54-9A1E7A4F7556}") = "RaindropFunctions", "RaindropsApp\RaindropFunctions.csproj", "{EC5F6119-D949-4BE4-992F-F7833F7129A4}"
EndProject
Project("{9A19103F-16F7-4668-BE54-9A1E7A4F7556}") = "RaindropsUnitTests", "RaindropsUnitTests\RaindropsUnitTests.csproj", "{B09A94F8-6977-4C9B-A863-D4498B267219}"
EndProject
Project("{FAE04EC0-301F-11D3-BF4B-00C04F79EFBC}") = "RaindropsWPF", "RaindropsWPF\RaindropsWPF.csproj", "{F99746A8-0E8D-4425-991C-378FFC4203CC}"
EndProject
Global
	GlobalSection(SolutionConfigurationPlatforms) = preSolution
		Debug|Any CPU = Debug|Any CPU
		Release|Any CPU = Release|Any CPU
	EndGlobalSection
	GlobalSection(ProjectConfigurationPlatforms) = postSolution
		{EC5F6119-D949-4BE4-992F-F7833F7129A4}.Debug|Any CPU.ActiveCfg = Debug|Any CPU
		{EC5F6119-D949-4BE4-992F-F7833F7129A4}.Debug|Any CPU.Build.0 = Debug|Any CPU
		{EC5F6119-D949-4BE4-992F-F7833F7129A4}.Release|Any CPU.ActiveCfg = Release|Any CPU
		{EC5F6119-D949-4BE4-992F-F7833F7129A4}.Release|Any CPU.Build.0 = Release|Any CPU
		{B09A94F8-6977-4C9B-A863-D4498B267219}.Debug|Any CPU.ActiveCfg = Debug|Any CPU
		{B09A94F8-6977-4C9B-A863-D4498B267219}.Debug|Any CPU.Build.0 = Debug|Any CPU
		{B09A94F8-6977-4C9B-A863-D4498B267219}.Release|Any CPU.ActiveCfg = Release|Any CPU
		{B09A94F8-6977-4C9B-A863-D4498B267219}.Release|Any CPU.Build.0 = Release|Any CPU
		{F99746A8-0E8D-4425-991C-378FFC4203CC}.Debug|Any CPU.ActiveCfg = Debug|Any CPU
		{F99746A8-0E8D-4425-991C-378FFC4203CC}.Debug|Any CPU.Build.0 = Debug|Any CPU
		{F99746A8-0E8D-4425-991C-378FFC4203CC}.Release|Any CPU.ActiveCfg = Release|Any CPU
		{F99746A8-0E8D-4425-991C-378FFC4203CC}.Release|Any CPU.Build.0 = Release|Any CPU
	EndGlobalSection
	GlobalSection(SolutionProperties) = preSolution
		HideSolutionNode = FALSE
	EndGlobalSection
	GlobalSection(ExtensibilityGlobals) = postSolution
		SolutionGuid = {6DFB2C8D-EAAC-4B1B-9DB4-42D954CD5E94}
	EndGlobalSection
EndGlobal
